
Microsoft Visual Studio Solution File, Format Version 12.00
# Visual Studio 15
VisualStudioVersion = 15.0.27130.2036
MinimumVisualStudioVersion = 10.0.40219.1
Project("{FAE04EC0-301F-11D3-BF4B-00C04F79EFBC}") = "E2-2_Fibonacci_KarlaUrrea", "E2-2_Fibonacci_KarlaUrrea\E2-2_Fibonacci_KarlaUrrea.csproj", "{FEB25F37-86F6-4A41-AEAE-D9287AF5CDE2}"
EndProject
Global
	GlobalSection(SolutionConfigurationPlatforms) = preSolution
		Debug|Any CPU = Debug|Any CPU
		Release|Any CPU = Release|Any CPU
	EndGlobalSection
	GlobalSection(ProjectConfigurationPlatforms) = postSolution
		{FEB25F37-86F6-4A41-AEAE-D9287AF5CDE2}.Debug|Any CPU.ActiveCfg = Debug|Any CPU
		{FEB25F37-86F6-4A41-AEAE-D9287AF5CDE2}.Debug|Any CPU.Build.0 = Debug|Any CPU
		{FEB25F37-86F6-4A41-AEAE-D9287AF5CDE2}.Release|Any CPU.ActiveCfg = Release|Any CPU
		{FEB25F37-86F6-4A41-AEAE-D9287AF5CDE2}.Release|Any CPU.Build.0 = Release|Any CPU
	EndGlobalSection
	GlobalSection(SolutionProperties) = preSolution
		HideSolutionNode = FALSE
	EndGlobalSection
	GlobalSection(ExtensibilityGlobals) = postSolution
		SolutionGuid = {04982F9C-05AD-4B32-8BEC-48CAD4E2E291}
	EndGlobalSection
EndGlobal
